
Microsoft Visual Studio Solution File, Format Version 12.00
# Visual Studio Version 17
VisualStudioVersion = 17.3.32825.248
MinimumVisualStudioVersion = 10.0.40219.1
Project("{FAE04EC0-301F-11D3-BF4B-00C04F79EFBC}") = "Arithmetic", "Arithmetic\Arithmetic.csproj", "{C729194F-9631-4083-BBEF-CF3E3FD30F90}"
EndProject
Global
	GlobalSection(SolutionConfigurationPlatforms) = preSolution
		Debug|Any CPU = Debug|Any CPU
		Release|Any CPU = Release|Any CPU
	EndGlobalSection
	GlobalSection(ProjectConfigurationPlatforms) = postSolution
		{C729194F-9631-4083-BBEF-CF3E3FD30F90}.Debug|Any CPU.ActiveCfg = Debug|Any CPU
		{C729194F-9631-4083-BBEF-CF3E3FD30F90}.Debug|Any CPU.Build.0 = Debug|Any CPU
		{C729194F-9631-4083-BBEF-CF3E3FD30F90}.Release|Any CPU.ActiveCfg = Release|Any CPU
		{C729194F-9631-4083-BBEF-CF3E3FD30F90}.Release|Any CPU.Build.0 = Release|Any CPU
	EndGlobalSection
	GlobalSection(SolutionProperties) = preSolution
		HideSolutionNode = FALSE
	EndGlobalSection
	GlobalSection(ExtensibilityGlobals) = postSolution
		SolutionGuid = {E40D8AEA-5FC9-417B-A73C-36177B2007C5}
	EndGlobalSection
EndGlobal
